{
  "name": "action-ansible-playbook",
  "lockfileVersion": 2,
  "requires": true,
  "packages": {
    "": {
      "dependencies": {
        "@actions/core": "^1.7.0",
        "@actions/exec": "^1.0.4",
        "yaml": "^1.10.2"
      }
    },
    "node_modules/@actions/core": {
      "version": "1.7.0",
      "resolved": "https://registry.npmjs.org/@actions/core/-/core-1.7.0.tgz",
      "integrity": "sha512-7fPSS7yKOhTpgLMbw7lBLc1QJWvJBBAgyTX2PEhagWcKK8t0H8AKCoPMfnrHqIm5cRYH4QFPqD1/ruhuUE7YcQ==",
      "dependencies": {
        "@actions/http-client": "^1.0.11"
      }
    },
    "node_modules/@actions/exec": {
      "version": "1.0.4",
      "resolved": "https://registry.npmjs.org/@actions/exec/-/exec-1.0.4.tgz",
      "integrity": "sha512-4DPChWow9yc9W3WqEbUj8Nr86xkpyE29ZzWjXucHItclLbEW6jr80Zx4nqv18QL6KK65+cifiQZXvnqgTV6oHw==",
      "dependencies": {
        "@actions/io": "^1.0.1"
      }
    },
    "node_modules/@actions/http-client": {
      "version": "1.0.11",
      "resolved": "https://registry.npmjs.org/@actions/http-client/-/http-client-1.0.11.tgz",
      "integrity": "sha512-VRYHGQV1rqnROJqdMvGUbY/Kn8vriQe/F9HR2AlYHzmKuM/p3kjNuXhmdBfcVgsvRWTz5C5XW5xvndZrVBuAYg==",
      "dependencies": {
        "tunnel": "0.0.6"
      }
    },
    "node_modules/@actions/io": {
      "version": "1.0.2",
      "resolved": "https://registry.npmjs.org/@actions/io/-/io-1.0.2.tgz",
      "integrity": "sha512-J8KuFqVPr3p6U8W93DOXlXW6zFvrQAJANdS+vw0YhusLIq+bszW8zmK2Fh1C2kDPX8FMvwIl1OUcFgvJoXLbAg=="
    },
    "node_modules/tunnel": {
      "version": "0.0.6",
      "resolved": "https://registry.npmjs.org/tunnel/-/tunnel-0.0.6.tgz",
      "integrity": "sha512-1h/Lnq9yajKY2PEbBadPXj3VxsDDu844OnaAo52UVmIzIvwwtBPIuNvkjuzBlTWpfJyUbG3ez0KSBibQkj4ojg==",
      "engines": {
        "node": ">=0.6.11 <=0.7.0 || >=0.7.3"
      }
    },
    "node_modules/yaml": {
      "version": "1.10.2",
      "resolved": "https://registry.npmjs.org/yaml/-/yaml-1.10.2.tgz",
      "integrity": "sha512-r3vXyErRCYJ7wg28yvBY5VSoAF8ZvlcW9/BwUzEtUsjvX/DKs24dIkuwjtuprwJJHsbyUbLApepYTR1BN4uHrg==",
      "engines": {
        "node": ">= 6"
      }
    }
  },
  "dependencies": {
    "@actions/core": {
      "version": "1.7.0",
      "resolved": "https://registry.npmjs.org/@actions/core/-/core-1.7.0.tgz",
      "integrity": "sha512-7fPSS7yKOhTpgLMbw7lBLc1QJWvJBBAgyTX2PEhagWcKK8t0H8AKCoPMfnrHqIm5cRYH4QFPqD1/ruhuUE7YcQ==",
      "requires": {
        "@actions/http-client": "^1.0.11"
      }
    },
    "@actions/exec": {
      "version": "1.0.4",
      "resolved": "https://registry.npmjs.org/@actions/exec/-/exec-1.0.4.tgz",
      "integrity": "sha512-4DPChWow9yc9W3WqEbUj8Nr86xkpyE29ZzWjXucHItclLbEW6jr80Zx4nqv18QL6KK65+cifiQZXvnqgTV6oHw==",
      "requires": {
        "@actions/io": "^1.0.1"
      }
    },
    "@actions/http-client": {
      "version": "1.0.11",
      "resolved": "https://registry.npmjs.org/@actions/http-client/-/http-client-1.0.11.tgz",
      "integrity": "sha512-VRYHGQV1rqnROJqdMvGUbY/Kn8vriQe/F9HR2AlYHzmKuM/p3kjNuXhmdBfcVgsvRWTz5C5XW5xvndZrVBuAYg==",
      "requires": {
        "tunnel": "0.0.6"
      }
    },
    "@actions/io": {
      "version": "1.0.2",
      "resolved": "https://registry.npmjs.org/@actions/io/-/io-1.0.2.tgz",
      "integrity": "sha512-J8KuFqVPr3p6U8W93DOXlXW6zFvrQAJANdS+vw0YhusLIq+bszW8zmK2Fh1C2kDPX8FMvwIl1OUcFgvJoXLbAg=="
    },
    "tunnel": {
      "version": "0.0.6",
      "resolved": "https://registry.npmjs.org/tunnel/-/tunnel-0.0.6.tgz",
      "integrity": "sha512-1h/Lnq9yajKY2PEbBadPXj3VxsDDu844OnaAo52UVmIzIvwwtBPIuNvkjuzBlTWpfJyUbG3ez0KSBibQkj4ojg=="
    },
    "yaml": {
      "version": "1.10.2",
      "resolved": "https://registry.npmjs.org/yaml/-/yaml-1.10.2.tgz",
      "integrity": "sha512-r3vXyErRCYJ7wg28yvBY5VSoAF8ZvlcW9/BwUzEtUsjvX/DKs24dIkuwjtuprwJJHsbyUbLApepYTR1BN4uHrg=="
    }
  }
}
